// !$*UTF8*$!
{
	archiveVersion = 1;
	classes = {
	};
	objectVersion = 56;
	objects = {

/* Begin PBXBuildFile section */
		E574CE342CA4E64800BE4D7B /* AppDelegate.swift in Sources */ = {isa = PBXBuildFile; fileRef = E574CE332CA4E64800BE4D7B /* AppDelegate.swift */; };
		E574CE362CA4E64800BE4D7B /* SceneDelegate.swift in Sources */ = {isa = PBXBuildFile; fileRef = E574CE352CA4E64800BE4D7B /* SceneDelegate.swift */; };
		E574CE382CA4E64800BE4D7B /* ViewController.swift in Sources */ = {isa = PBXBuildFile; fileRef = E574CE372CA4E64800BE4D7B /* ViewController.swift */; };
		E574CE3B2CA4E64800BE4D7B /* Base in Resources */ = {isa = PBXBuildFile; fileRef = E574CE3A2CA4E64800BE4D7B /* Base */; };
		E574CE3D2CA4E64B00BE4D7B /* Assets.xcassets in Resources */ = {isa = PBXBuildFile; fileRef = E574CE3C2CA4E64B00BE4D7B /* Assets.xcassets */; };
		E574CE402CA4E64B00BE4D7B /* Base in Resources */ = {isa = PBXBuildFile; fileRef = E574CE3F2CA4E64B00BE4D7B /* Base */; };
		E574CE4A2CA4E78300BE4D7B /* SecondViewController.swift in Sources */ = {isa = PBXBuildFile; fileRef = E574CE492CA4E78300BE4D7B /* SecondViewController.swift */; };
		E574CE4C2CA4E7DA00BE4D7B /* ThirdViewController.swift in Sources */ = {isa = PBXBuildFile; fileRef = E574CE4B2CA4E7DA00BE4D7B /* ThirdViewController.swift */; };
/* End PBXBuildFile section */

/* Begin PBXFileReference section */
		E574CE302CA4E64800BE4D7B /* kennethchenhomwork3.2.app */ = {isa = PBXFileReference; explicitFileType = wrapper.application; includeInIndex = 0; path = kennethchenhomwork3.2.app; sourceTree = BUILT_PRODUCTS_DIR; };
		E574CE332CA4E64800BE4D7B /* AppDelegate.swift */ = {isa = PBXFileReference; lastKnownFileType = sourcecode.swift; path = AppDelegate.swift; sourceTree = "<group>"; };
		E574CE352CA4E64800BE4D7B /* SceneDelegate.swift */ = {isa = PBXFileReference; lastKnownFileType = sourcecode.swift; path = SceneDelegate.swift; sourceTree = "<group>"; };
		E574CE372CA4E64800BE4D7B /* ViewController.swift */ = {isa = PBXFileReference; lastKnownFileType = sourcecode.swift; path = ViewController.swift; sourceTree = "<group>"; };
		E574CE3A2CA4E64800BE4D7B /* Base */ = {isa = PBXFileReference; lastKnownFileType = file.storyboard; name = Base; path = Base.lproj/Main.storyboard; sourceTree = "<group>"; };
		E574CE3C2CA4E64B00BE4D7B /* Assets.xcassets */ = {isa = PBXFileReference; lastKnownFileType = folder.assetcatalog; path = Assets.xcassets; sourceTree = "<group>"; };
		E574CE3F2CA4E64B00BE4D7B /* Base */ = {isa = PBXFileReference; lastKnownFileType = file.storyboard; name = Base; path = Base.lproj/LaunchScreen.storyboard; sourceTree = "<group>"; };
		E574CE412CA4E64B00BE4D7B /* Info.plist */ = {isa = PBXFileReference; lastKnownFileType = text.plist.xml; path = Info.plist; sourceTree = "<group>"; };
		E574CE492CA4E78300BE4D7B /* SecondViewController.swift */ = {isa = PBXFileReference; lastKnownFileType = sourcecode.swift; path = SecondViewController.swift; sourceTree = "<group>"; };
		E574CE4B2CA4E7DA00BE4D7B /* ThirdViewController.swift */ = {isa = PBXFileReference; lastKnownFileType = sourcecode.swift; path = ThirdViewController.swift; sourceTree = "<group>"; };
/* End PBXFileReference section */

/* Begin PBXFrameworksBuildPhase section */
		E574CE2D2CA4E64800BE4D7B /* Frameworks */ = {
			isa = PBXFrameworksBuildPhase;
			buildActionMask = 2147483647;
			files = (
			);
			runOnlyForDeploymentPostprocessing = 0;
		};
/* End PBXFrameworksBuildPhase section */

/* Begin PBXGroup section */
		E574CE272CA4E64800BE4D7B = {
			isa = PBXGroup;
			children = (
				E574CE322CA4E64800BE4D7B /* kennethchenhomwork3.2 */,
				E574CE312CA4E64800BE4D7B /* Products */,
			);
			sourceTree = "<group>";
		};
		E574CE312CA4E64800BE4D7B /* Products */ = {
			isa = PBXGroup;
			children = (
				E574CE302CA4E64800BE4D7B /* kennethchenhomwork3.2.app */,
			);
			name = Products;
			sourceTree = "<group>";
		};
		E574CE322CA4E64800BE4D7B /* kennethchenhomwork3.2 */ = {
			isa = PBXGroup;
			children = (
				E574CE332CA4E64800BE4D7B /* AppDelegate.swift */,
				E574CE352CA4E64800BE4D7B /* SceneDelegate.swift */,
				E574CE372CA4E64800BE4D7B /* ViewController.swift */,
				E574CE392CA4E64800BE4D7B /* Main.storyboard */,
				E574CE4B2CA4E7DA00BE4D7B /* ThirdViewController.swift */,
				E574CE492CA4E78300BE4D7B /* SecondViewController.swift */,
				E574CE3C2CA4E64B00BE4D7B /* Assets.xcassets */,
				E574CE3E2CA4E64B00BE4D7B /* LaunchScreen.storyboard */,
				E574CE412CA4E64B00BE4D7B /* Info.plist */,
			);
			path = kennethchenhomwork3.2;
			sourceTree = "<group>";
		};
/* End PBXGroup section */

/* Begin PBXNativeTarget section */
		E574CE2F2CA4E64800BE4D7B /* kennethchenhomwork3.2 */ = {
			isa = PBXNativeTarget;
			buildConfigurationList = E574CE442CA4E64B00BE4D7B /* Build configuration list for PBXNativeTarget "kennethchenhomwork3.2" */;
			buildPhases = (
				E574CE2C2CA4E64800BE4D7B /* Sources */,
				E574CE2D2CA4E64800BE4D7B /* Frameworks */,
				E574CE2E2CA4E64800BE4D7B /* Resources */,
			);
			buildRules = (
			);
			dependencies = (
			);
			name = kennethchenhomwork3.2;
			productName = kennethchenhomwork3.2;
			productReference = E574CE302CA4E64800BE4D7B /* kennethchenhomwork3.2.app */;
			productType = "com.apple.product-type.application";
		};
/* End PBXNativeTarget section */

/* Begin PBXProject section */
		E574CE282CA4E64800BE4D7B /* Project object */ = {
			isa = PBXProject;
			attributes = {
				BuildIndependentTargetsInParallel = 1;
				LastSwiftUpdateCheck = 1540;
				LastUpgradeCheck = 1540;
				TargetAttributes = {
					E574CE2F2CA4E64800BE4D7B = {
						CreatedOnToolsVersion = 15.4;
					};
				};
			};
			buildConfigurationList = E574CE2B2CA4E64800BE4D7B /* Build configuration list for PBXProject "kennethchenhomwork3.2" */;
			compatibilityVersion = "Xcode 14.0";
			developmentRegion = en;
			hasScannedForEncodings = 0;
			knownRegions = (
				en,
				Base,
			);
			mainGroup = E574CE272CA4E64800BE4D7B;
			productRefGroup = E574CE312CA4E64800BE4D7B /* Products */;
			projectDirPath = "";
			projectRoot = "";
			targets = (
				E574CE2F2CA4E64800BE4D7B /* kennethchenhomwork3.2 */,
			);
		};
/* End PBXProject section */

/* Begin PBXResourcesBuildPhase section */
		E574CE2E2CA4E64800BE4D7B /* Resources */ = {
			isa = PBXResourcesBuildPhase;
			buildActionMask = 2147483647;
			files = (
				E574CE3D2CA4E64B00BE4D7B /* Assets.xcassets in Resources */,
				E574CE402CA4E64B00BE4D7B /* Base in Resources */,
				E574CE3B2CA4E64800BE4D7B /* Base in Resources */,
			);
			runOnlyForDeploymentPostprocessing = 0;
		};
/* End PBXResourcesBuildPhase section */

/* Begin PBXSourcesBuildPhase section */
		E574CE2C2CA4E64800BE4D7B /* Sources */ = {
			isa = PBXSourcesBuildPhase;
			buildActionMask = 2147483647;
			files = (
				E574CE4A2CA4E78300BE4D7B /* SecondViewController.swift in Sources */,
				E574CE382CA4E64800BE4D7B /* ViewController.swift in Sources */,
				E574CE4C2CA4E7DA00BE4D7B /* ThirdViewController.swift in Sources */,
				E574CE342CA4E64800BE4D7B /* AppDelegate.swift in Sources */,
				E574CE362CA4E64800BE4D7B /* SceneDelegate.swift in Sources */,
			);
			runOnlyForDeploymentPostprocessing = 0;
		};
/* End PBXSourcesBuildPhase section */

/* Begin PBXVariantGroup section */
		E574CE392CA4E64800BE4D7B /* Main.storyboard */ = {
			isa = PBXVariantGroup;
			children = (
				E574CE3A2CA4E64800BE4D7B /* Base */,
			);
			name = Main.storyboard;
			sourceTree = "<group>";
		};
		E574CE3E2CA4E64B00BE4D7B /* LaunchScreen.storyboard */ = {
			isa = PBXVariantGroup;
			children = (
				E574CE3F2CA4E64B00BE4D7B /* Base */,
			);
			name = LaunchScreen.storyboard;
			sourceTree = "<group>";
		};
/* End PBXVariantGroup section */

/* Begin XCBuildConfiguration section */
		E574CE422CA4E64B00BE4D7B /* Debug */ = {
			isa = XCBuildConfiguration;
			buildSettings = {
				ALWAYS_SEARCH_USER_PATHS = NO;
				ASSETCATALOG_COMPILER_GENERATE_SWIFT_ASSET_SYMBOL_EXTENSIONS = YES;
				CLANG_ANALYZER_NONNULL = YES;
				CLANG_ANALYZER_NUMBER_OBJECT_CONVERSION = YES_AGGRESSIVE;
				CLANG_CXX_LANGUAGE_STANDARD = "gnu++20";
				CLANG_ENABLE_MODULES = YES;
				CLANG_ENABLE_OBJC_ARC = YES;
				CLANG_ENABLE_OBJC_WEAK = YES;
				CLANG_WARN_BLOCK_CAPTURE_AUTORELEASING = YES;
				CLANG_WARN_BOOL_CONVERSION = YES;
				CLANG_WARN_COMMA = YES;
				CLANG_WARN_CONSTANT_CONVERSION = YES;
				CLANG_WARN_DEPRECATED_OBJC_IMPLEMENTATIONS = YES;
				CLANG_WARN_DIRECT_OBJC_ISA_USAGE = YES_ERROR;
				CLANG_WARN_DOCUMENTATION_COMMENTS = YES;
				CLANG_WARN_EMPTY_BODY = YES;
				CLANG_WARN_ENUM_CONVERSION = YES;
				CLANG_WARN_INFINITE_RECURSION = YES;
				CLANG_WARN_INT_CONVERSION = YES;
				CLANG_WARN_NON_LITERAL_NULL_CONVERSION = YES;
				CLANG_WARN_OBJC_IMPLICIT_RETAIN_SELF = YES;
				CLANG_WARN_OBJC_LITERAL_CONVERSION = YES;
				CLANG_WARN_OBJC_ROOT_CLASS = YES_ERROR;
				CLANG_WARN_QUOTED_INCLUDE_IN_FRAMEWORK_HEADER = YES;
				CLANG_WARN_RANGE_LOOP_ANALYSIS = YES;
				CLANG_WARN_STRICT_PROTOTYPES = YES;
				CLANG_WARN_SUSPICIOUS_MOVE = YES;
				CLANG_WARN_UNGUARDED_AVAILABILITY = YES_AGGRESSIVE;
				CLANG_WARN_UNREACHABLE_CODE = YES;
				CLANG_WARN__DUPLICATE_METHOD_MATCH = YES;
				COPY_PHASE_STRIP = NO;
				DEBUG_INFORMATION_FORMAT = dwarf;
				ENABLE_STRICT_OBJC_MSGSEND = YES;
				ENABLE_TESTABILITY = YES;
				ENABLE_USER_SCRIPT_SANDBOXING = YES;
				GCC_C_LANGUAGE_STANDARD = gnu17;
				GCC_DYNAMIC_NO_PIC = NO;
				GCC_NO_COMMON_BLOCKS = YES;
				GCC_OPTIMIZATION_LEVEL = 0;
				GCC_PREPROCESSOR_DEFINITIONS = (
					"DEBUG=1",
					"$(inherited)",
				);
				GCC_WARN_64_TO_32_BIT_CONVERSION = YES;
				GCC_WARN_ABOUT_RETURN_TYPE = YES_ERROR;
				GCC_WARN_UNDECLARED_SELECTOR = YES;
				GCC_WARN_UNINITIALIZED_AUTOS = YES_AGGRESSIVE;
				GCC_WARN_UNUSED_FUNCTION = YES;
				GCC_WARN_UNUSED_VARIABLE = YES;
				IPHONEOS_DEPLOYMENT_TARGET = 17.5;
				LOCALIZATION_PREFERS_STRING_CATALOGS = YES;
				MTL_ENABLE_DEBUG_INFO = INCLUDE_SOURCE;
				MTL_FAST_MATH = YES;
				ONLY_ACTIVE_ARCH = YES;
				SDKROOT = iphoneos;
				SWIFT_ACTIVE_COMPILATION_CONDITIONS = "DEBUG $(inherited)";
				SWIFT_OPTIMIZATION_LEVEL = "-Onone";
			};
			name = Debug;
		};
		E574CE432CA4E64B00BE4D7B /* Release */ = {
			isa = XCBuildConfiguration;
			buildSettings = {
				ALWAYS_SEARCH_USER_PATHS = NO;
				ASSETCATALOG_COMPILER_GENERATE_SWIFT_ASSET_SYMBOL_EXTENSIONS = YES;
				CLANG_ANALYZER_NONNULL = YES;
				CLANG_ANALYZER_NUMBER_OBJECT_CONVERSION = YES_AGGRESSIVE;
				CLANG_CXX_LANGUAGE_STANDARD = "gnu++20";
				CLANG_ENABLE_MODULES = YES;
				CLANG_ENABLE_OBJC_ARC = YES;
				CLANG_ENABLE_OBJC_WEAK = YES;
				CLANG_WARN_BLOCK_CAPTURE_AUTORELEASING = YES;
				CLANG_WARN_BOOL_CONVERSION = YES;
				CLANG_WARN_COMMA = YES;
				CLANG_WARN_CONSTANT_CONVERSION = YES;
				CLANG_WARN_DEPRECATED_OBJC_IMPLEMENTATIONS = YES;
				CLANG_WARN_DIRECT_OBJC_ISA_USAGE = YES_ERROR;
				CLANG_WARN_DOCUMENTATION_COMMENTS = YES;
				CLANG_WARN_EMPTY_BODY = YES;
				CLANG_WARN_ENUM_CONVERSION = YES;
				CLANG_WARN_INFINITE_RECURSION = YES;
				CLANG_WARN_INT_CONVERSION = YES;
				CLANG_WARN_NON_LITERAL_NULL_CONVERSION = YES;
				CLANG_WARN_OBJC_IMPLICIT_RETAIN_SELF = YES;
				CLANG_WARN_OBJC_LITERAL_CONVERSION = YES;
				CLANG_WARN_OBJC_ROOT_CLASS = YES_ERROR;
				CLANG_WARN_QUOTED_INCLUDE_IN_FRAMEWORK_HEADER = YES;
				CLANG_WARN_RANGE_LOOP_ANALYSIS = YES;
				CLANG_WARN_STRICT_PROTOTYPES = YES;
				CLANG_WARN_SUSPICIOUS_MOVE = YES;
				CLANG_WARN_UNGUARDED_AVAILABILITY = YES_AGGRESSIVE;
				CLANG_WARN_UNREACHABLE_CODE = YES;
				CLANG_WARN__DUPLICATE_METHOD_MATCH = YES;
				COPY_PHASE_STRIP = NO;
				DEBUG_INFORMATION_FORMAT = "dwarf-with-dsym";
				ENABLE_NS_ASSERTIONS = NO;
				ENABLE_STRICT_OBJC_MSGSEND = YES;
				ENABLE_USER_SCRIPT_SANDBOXING = YES;
				GCC_C_LANGUAGE_STANDARD = gnu17;
				GCC_NO_COMMON_BLOCKS = YES;
				GCC_WARN_64_TO_32_BIT_CONVERSION = YES;
				GCC_WARN_ABOUT_RETURN_TYPE = YES_ERROR;
				GCC_WARN_UNDECLARED_SELECTOR = YES;
				GCC_WARN_UNINITIALIZED_AUTOS = YES_AGGRESSIVE;
				GCC_WARN_UNUSED_FUNCTION = YES;
				GCC_WARN_UNUSED_VARIABLE = YES;
				IPHONEOS_DEPLOYMENT_TARGET = 17.5;
				LOCALIZATION_PREFERS_STRING_CATALOGS = YES;
				MTL_ENABLE_DEBUG_INFO = NO;
				MTL_FAST_MATH = YES;
				SDKROOT = iphoneos;
				SWIFT_COMPILATION_MODE = wholemodule;
				VALIDATE_PRODUCT = YES;
			};
			name = Release;
		};
		E574CE452CA4E64B00BE4D7B /* Debug */ = {
			isa = XCBuildConfiguration;
			buildSettings = {
				ASSETCATALOG_COMPILER_APPICON_NAME = AppIcon;
				ASSETCATALOG_COMPILER_GLOBAL_ACCENT_COLOR_NAME = AccentColor;
				CODE_SIGN_STYLE = Automatic;
				CURRENT_PROJECT_VERSION = 1;
				GENERATE_INFOPLIST_FILE = YES;
				INFOPLIST_FILE = kennethchenhomwork3.2/Info.plist;
				INFOPLIST_KEY_UIApplicationSupportsIndirectInputEvents = YES;
				INFOPLIST_KEY_UILaunchStoryboardName = LaunchScreen;
				INFOPLIST_KEY_UIMainStoryboardFile = Main;
				INFOPLIST_KEY_UISupportedInterfaceOrientations_iPad = "UIInterfaceOrientationPortrait UIInterfaceOrientationPortraitUpsideDown UIInterfaceOrientationLandscapeLeft UIInterfaceOrientationLandscapeRight";
				INFOPLIST_KEY_UISupportedInterfaceOrientations_iPhone = "UIInterfaceOrientationPortrait UIInterfaceOrientationLandscapeLeft UIInterfaceOrientationLandscapeRight";
				LD_RUNPATH_SEARCH_PATHS = (
					"$(inherited)",
					"@executable_path/Frameworks",
				);
				MARKETING_VERSION = 1.0;
				PRODUCT_BUNDLE_IDENTIFIER = "cs.kennethchenhomwork3-2";
				PRODUCT_NAME = "$(TARGET_NAME)";
				SWIFT_EMIT_LOC_STRINGS = YES;
				SWIFT_VERSION = 5.0;
				TARGETED_DEVICE_FAMILY = "1,2";
			};
			name = Debug;
		};
		E574CE462CA4E64B00BE4D7B /* Release */ = {
			isa = XCBuildConfiguration;
			buildSettings = {
				ASSETCATALOG_COMPILER_APPICON_NAME = AppIcon;
				ASSETCATALOG_COMPILER_GLOBAL_ACCENT_COLOR_NAME = AccentColor;
				CODE_SIGN_STYLE = Automatic;
				CURRENT_PROJECT_VERSION = 1;
				GENERATE_INFOPLIST_FILE = YES;
				INFOPLIST_FILE = kennethchenhomwork3.2/Info.plist;
				INFOPLIST_KEY_UIApplicationSupportsIndirectInputEvents = YES;
				INFOPLIST_KEY_UILaunchStoryboardName = LaunchScreen;
				INFOPLIST_KEY_UIMainStoryboardFile = Main;
				INFOPLIST_KEY_UISupportedInterfaceOrientations_iPad = "UIInterfaceOrientationPortrait UIInterfaceOrientationPortraitUpsideDown UIInterfaceOrientationLandscapeLeft UIInterfaceOrientationLandscapeRight";
				INFOPLIST_KEY_UISupportedInterfaceOrientations_iPhone = "UIInterfaceOrientationPortrait UIInterfaceOrientationLandscapeLeft UIInterfaceOrientationLandscapeRight";
				LD_RUNPATH_SEARCH_PATHS = (
					"$(inherited)",
					"@executable_path/Frameworks",
				);
				MARKETING_VERSION = 1.0;
				PRODUCT_BUNDLE_IDENTIFIER = "cs.kennethchenhomwork3-2";
				PRODUCT_NAME = "$(TARGET_NAME)";
				SWIFT_EMIT_LOC_STRINGS = YES;
				SWIFT_VERSION = 5.0;
				TARGETED_DEVICE_FAMILY = "1,2";
			};
			name = Release;
		};
/* End XCBuildConfiguration section */

/* Begin XCConfigurationList section */
		E574CE2B2CA4E64800BE4D7B /* Build configuration list for PBXProject "kennethchenhomwork3.2" */ = {
			isa = XCConfigurationList;
			buildConfigurations = (
				E574CE422CA4E64B00BE4D7B /* Debug */,
				E574CE432CA4E64B00BE4D7B /* Release */,
			);
			defaultConfigurationIsVisible = 0;
			defaultConfigurationName = Release;
		};
		E574CE442CA4E64B00BE4D7B /* Build configuration list for PBXNativeTarget "kennethchenhomwork3.2" */ = {
			isa = XCConfigurationList;
			buildConfigurations = (
				E574CE452CA4E64B00BE4D7B /* Debug */,
				E574CE462CA4E64B00BE4D7B /* Release */,
			);
			defaultConfigurationIsVisible = 0;
			defaultConfigurationName = Release;
		};
/* End XCConfigurationList section */
	};
	rootObject = E574CE282CA4E64800BE4D7B /* Project object */;
}
